
Microsoft Visual Studio Solution File, Format Version 12.00
Project("{FAE04EC0-301F-11D3-BF4B-00C04F79EFBC}") = "BethanysPieShopHRM", "BethanysPieShopHRM\BethanysPieShopHRM.csproj", "{E7613288-D31A-40CE-9125-E88BFF0BAE22}"
EndProject
Project("{FAE04EC0-301F-11D3-BF4B-00C04F79EFBC}") = "BethanysPieShopHRM.Shared", "BethanysPieShopHRM.Shared\BethanysPieShopHRM.Shared.csproj", "{5EE9CF81-9F4B-4D27-BEBA-60E6A92EEAA3}"
EndProject
Global
	GlobalSection(SolutionConfigurationPlatforms) = preSolution
		Debug|Any CPU = Debug|Any CPU
		Release|Any CPU = Release|Any CPU
	EndGlobalSection
	GlobalSection(ProjectConfigurationPlatforms) = postSolution
		{E7613288-D31A-40CE-9125-E88BFF0BAE22}.Debug|Any CPU.ActiveCfg = Debug|Any CPU
		{E7613288-D31A-40CE-9125-E88BFF0BAE22}.Debug|Any CPU.Build.0 = Debug|Any CPU
		{E7613288-D31A-40CE-9125-E88BFF0BAE22}.Release|Any CPU.ActiveCfg = Release|Any CPU
		{E7613288-D31A-40CE-9125-E88BFF0BAE22}.Release|Any CPU.Build.0 = Release|Any CPU
		{5EE9CF81-9F4B-4D27-BEBA-60E6A92EEAA3}.Debug|Any CPU.ActiveCfg = Debug|Any CPU
		{5EE9CF81-9F4B-4D27-BEBA-60E6A92EEAA3}.Debug|Any CPU.Build.0 = Debug|Any CPU
		{5EE9CF81-9F4B-4D27-BEBA-60E6A92EEAA3}.Release|Any CPU.ActiveCfg = Release|Any CPU
		{5EE9CF81-9F4B-4D27-BEBA-60E6A92EEAA3}.Release|Any CPU.Build.0 = Release|Any CPU
	EndGlobalSection
EndGlobal
